// !$*UTF8*$!
{
	archiveVersion = 1;
	classes = {
	};
	objectVersion = 46;
	objects = {

/* Begin PBXBuildFile section */
		34BED35301B9B4D86B7BEB5F /* Pods_LeanTest.framework in Frameworks */ = {isa = PBXBuildFile; fileRef = 8DB1679A909471404D4E6243 /* Pods_LeanTest.framework */; };
		B90425F31EF82FAB0097F495 /* AppDelegate.swift in Sources */ = {isa = PBXBuildFile; fileRef = B90425F21EF82FAB0097F495 /* AppDelegate.swift */; };
		B90425FA1EF82FAB0097F495 /* Assets.xcassets in Resources */ = {isa = PBXBuildFile; fileRef = B90425F91EF82FAB0097F495 /* Assets.xcassets */; };
		B90426081EF82FAB0097F495 /* LeanTestTests.swift in Sources */ = {isa = PBXBuildFile; fileRef = B90426071EF82FAB0097F495 /* LeanTestTests.swift */; };
		B90426131EF82FAB0097F495 /* LeanTestUITests.swift in Sources */ = {isa = PBXBuildFile; fileRef = B90426121EF82FAB0097F495 /* LeanTestUITests.swift */; };
		B91864111F00165400A5F008 /* miku2.jpg in Resources */ = {isa = PBXBuildFile; fileRef = B91864101F00165400A5F008 /* miku2.jpg */; };
		B9309EA01EFC001F00AE6E05 /* SignInVC.swift in Sources */ = {isa = PBXBuildFile; fileRef = B9309E9F1EFC001F00AE6E05 /* SignInVC.swift */; };
		B9309EA21EFC005D00AE6E05 /* SignUpVC.swift in Sources */ = {isa = PBXBuildFile; fileRef = B9309EA11EFC005D00AE6E05 /* SignUpVC.swift */; };
		B9309EA41EFC008B00AE6E05 /* ResetPasswordVC.swift in Sources */ = {isa = PBXBuildFile; fileRef = B9309EA31EFC008B00AE6E05 /* ResetPasswordVC.swift */; };
		B9AB34B21F45DA75000C1B54 /* EditVC.swift in Sources */ = {isa = PBXBuildFile; fileRef = B9AB34B11F45DA75000C1B54 /* EditVC.swift */; };
		B9B70D471F0A8212006BC801 /* bg_login.png in Resources */ = {isa = PBXBuildFile; fileRef = B9B70D461F0A8212006BC801 /* bg_login.png */; };
		B9B70D491F0A9976006BC801 /* user.jpeg in Resources */ = {isa = PBXBuildFile; fileRef = B9B70D481F0A9976006BC801 /* user.jpeg */; };
		B9B70D4B1F0A9AFA006BC801 /* HomeVC.swift in Sources */ = {isa = PBXBuildFile; fileRef = B9B70D4A1F0A9AFA006BC801 /* HomeVC.swift */; };
		B9B70D4D1F0A9B43006BC801 /* HeaderView.swift in Sources */ = {isa = PBXBuildFile; fileRef = B9B70D4C1F0A9B43006BC801 /* HeaderView.swift */; };
		B9B70D4F1F0A9E41006BC801 /* PictureCell.swift in Sources */ = {isa = PBXBuildFile; fileRef = B9B70D4E1F0A9E41006BC801 /* PictureCell.swift */; };
		B9B8BA1D1F02B70B00531332 /* Main.storyboard in Resources */ = {isa = PBXBuildFile; fileRef = B9B8BA1C1F02B4B000531332 /* Main.storyboard */; };
		B9B8BA1E1F02B70E00531332 /* LaunchScreen.storyboard in Resources */ = {isa = PBXBuildFile; fileRef = B9B8BA1B1F02B4B000531332 /* LaunchScreen.storyboard */; };
		B9DD83731F095FCD00FDC93A /* Pacifico.ttf in Resources */ = {isa = PBXBuildFile; fileRef = B9DD83721F095FCC00FDC93A /* Pacifico.ttf */; };
		B9F0ED441F125593007FB79A /* FollowersVC.swift in Sources */ = {isa = PBXBuildFile; fileRef = B9F0ED431F125593007FB79A /* FollowersVC.swift */; };
		B9F0ED461F1255F8007FB79A /* FollowersCell.swift in Sources */ = {isa = PBXBuildFile; fileRef = B9F0ED451F1255F8007FB79A /* FollowersCell.swift */; };
		B9F0ED481F165D46007FB79A /* GuestVC.swift in Sources */ = {isa = PBXBuildFile; fileRef = B9F0ED471F165D46007FB79A /* GuestVC.swift */; };
/* End PBXBuildFile section */

/* Begin PBXContainerItemProxy section */
		B90426041EF82FAB0097F495 /* PBXContainerItemProxy */ = {
			isa = PBXContainerItemProxy;
			containerPortal = B90425E71EF82FAB0097F495 /* Project object */;
			proxyType = 1;
			remoteGlobalIDString = B90425EE1EF82FAB0097F495;
			remoteInfo = LeanTest;
		};
		B904260F1EF82FAB0097F495 /* PBXContainerItemProxy */ = {
			isa = PBXContainerItemProxy;
			containerPortal = B90425E71EF82FAB0097F495 /* Project object */;
			proxyType = 1;
			remoteGlobalIDString = B90425EE1EF82FAB0097F495;
			remoteInfo = LeanTest;
		};
/* End PBXContainerItemProxy section */

/* Begin PBXFileReference section */
		833399F5A3C0815CAC36E09C /* Pods-LeanTest.release.xcconfig */ = {isa = PBXFileReference; includeInIndex = 1; lastKnownFileType = text.xcconfig; name = "Pods-LeanTest.release.xcconfig"; path = "Pods/Target Support Files/Pods-LeanTest/Pods-LeanTest.release.xcconfig"; sourceTree = "<group>"; };
		8DB1679A909471404D4E6243 /* Pods_LeanTest.framework */ = {isa = PBXFileReference; explicitFileType = wrapper.framework; includeInIndex = 0; path = Pods_LeanTest.framework; sourceTree = BUILT_PRODUCTS_DIR; };
		B90425EF1EF82FAB0097F495 /* LeanTest.app */ = {isa = PBXFileReference; explicitFileType = wrapper.application; includeInIndex = 0; path = LeanTest.app; sourceTree = BUILT_PRODUCTS_DIR; };
		B90425F21EF82FAB0097F495 /* AppDelegate.swift */ = {isa = PBXFileReference; lastKnownFileType = sourcecode.swift; path = AppDelegate.swift; sourceTree = "<group>"; };
		B90425F91EF82FAB0097F495 /* Assets.xcassets */ = {isa = PBXFileReference; lastKnownFileType = folder.assetcatalog; path = Assets.xcassets; sourceTree = "<group>"; };
		B90425FE1EF82FAB0097F495 /* Info.plist */ = {isa = PBXFileReference; lastKnownFileType = text.plist.xml; path = Info.plist; sourceTree = "<group>"; };
		B90426031EF82FAB0097F495 /* LeanTestTests.xctest */ = {isa = PBXFileReference; explicitFileType = wrapper.cfbundle; includeInIndex = 0; path = LeanTestTests.xctest; sourceTree = BUILT_PRODUCTS_DIR; };
		B90426071EF82FAB0097F495 /* LeanTestTests.swift */ = {isa = PBXFileReference; lastKnownFileType = sourcecode.swift; path = LeanTestTests.swift; sourceTree = "<group>"; };
		B90426091EF82FAB0097F495 /* Info.plist */ = {isa = PBXFileReference; lastKnownFileType = text.plist.xml; path = Info.plist; sourceTree = "<group>"; };
		B904260E1EF82FAB0097F495 /* LeanTestUITests.xctest */ = {isa = PBXFileReference; explicitFileType = wrapper.cfbundle; includeInIndex = 0; path = LeanTestUITests.xctest; sourceTree = BUILT_PRODUCTS_DIR; };
		B90426121EF82FAB0097F495 /* LeanTestUITests.swift */ = {isa = PBXFileReference; lastKnownFileType = sourcecode.swift; path = LeanTestUITests.swift; sourceTree = "<group>"; };
		B90426141EF82FAB0097F495 /* Info.plist */ = {isa = PBXFileReference; lastKnownFileType = text.plist.xml; path = Info.plist; sourceTree = "<group>"; };
		B91864101F00165400A5F008 /* miku2.jpg */ = {isa = PBXFileReference; lastKnownFileType = image.jpeg; path = miku2.jpg; sourceTree = "<group>"; };
		B9309E9F1EFC001F00AE6E05 /* SignInVC.swift */ = {isa = PBXFileReference; fileEncoding = 4; lastKnownFileType = sourcecode.swift; path = SignInVC.swift; sourceTree = "<group>"; };
		B9309EA11EFC005D00AE6E05 /* SignUpVC.swift */ = {isa = PBXFileReference; fileEncoding = 4; lastKnownFileType = sourcecode.swift; path = SignUpVC.swift; sourceTree = "<group>"; };
		B9309EA31EFC008B00AE6E05 /* ResetPasswordVC.swift */ = {isa = PBXFileReference; fileEncoding = 4; lastKnownFileType = sourcecode.swift; path = ResetPasswordVC.swift; sourceTree = "<group>"; };
		B97AAB4D1EF97E9A00863643 /* LeanTest-Bridging-Header.h */ = {isa = PBXFileReference; lastKnownFileType = sourcecode.c.h; path = "LeanTest-Bridging-Header.h"; sourceTree = "<group>"; };
		B9AB34B11F45DA75000C1B54 /* EditVC.swift */ = {isa = PBXFileReference; lastKnownFileType = sourcecode.swift; path = EditVC.swift; sourceTree = "<group>"; };
		B9B70D461F0A8212006BC801 /* bg_login.png */ = {isa = PBXFileReference; lastKnownFileType = image.png; name = bg_login.png; path = "../../../Documents/UI/Affinity/素材/Abstract-background-blue-tones/bg_login.png"; sourceTree = "<group>"; };
		B9B70D481F0A9976006BC801 /* user.jpeg */ = {isa = PBXFileReference; lastKnownFileType = image.jpeg; name = user.jpeg; path = "../../../Pictures/素材/icon/png/user.jpeg"; sourceTree = "<group>"; };
		B9B70D4A1F0A9AFA006BC801 /* HomeVC.swift */ = {isa = PBXFileReference; lastKnownFileType = sourcecode.swift; path = HomeVC.swift; sourceTree = "<group>"; };
		B9B70D4C1F0A9B43006BC801 /* HeaderView.swift */ = {isa = PBXFileReference; lastKnownFileType = sourcecode.swift; path = HeaderView.swift; sourceTree = "<group>"; };
		B9B70D4E1F0A9E41006BC801 /* PictureCell.swift */ = {isa = PBXFileReference; lastKnownFileType = sourcecode.swift; path = PictureCell.swift; sourceTree = "<group>"; };
		B9B8BA1B1F02B4B000531332 /* LaunchScreen.storyboard */ = {isa = PBXFileReference; lastKnownFileType = file.storyboard; path = LaunchScreen.storyboard; sourceTree = "<group>"; };
		B9B8BA1C1F02B4B000531332 /* Main.storyboard */ = {isa = PBXFileReference; lastKnownFileType = file.storyboard; path = Main.storyboard; sourceTree = "<group>"; };
		B9DD83721F095FCC00FDC93A /* Pacifico.ttf */ = {isa = PBXFileReference; lastKnownFileType = file; name = Pacifico.ttf; path = "../../../Downloads/software/字体/pacifico/Pacifico.ttf"; sourceTree = "<group>"; };
		B9F0ED431F125593007FB79A /* FollowersVC.swift */ = {isa = PBXFileReference; lastKnownFileType = sourcecode.swift; path = FollowersVC.swift; sourceTree = "<group>"; };
		B9F0ED451F1255F8007FB79A /* FollowersCell.swift */ = {isa = PBXFileReference; lastKnownFileType = sourcecode.swift; path = FollowersCell.swift; sourceTree = "<group>"; };
		B9F0ED471F165D46007FB79A /* GuestVC.swift */ = {isa = PBXFileReference; lastKnownFileType = sourcecode.swift; path = GuestVC.swift; sourceTree = "<group>"; };
		BBCC6F200798C34AE3461EA9 /* Pods-LeanTest.debug.xcconfig */ = {isa = PBXFileReference; includeInIndex = 1; lastKnownFileType = text.xcconfig; name = "Pods-LeanTest.debug.xcconfig"; path = "Pods/Target Support Files/Pods-LeanTest/Pods-LeanTest.debug.xcconfig"; sourceTree = "<group>"; };
/* End PBXFileReference section */

/* Begin PBXFrameworksBuildPhase section */
		B90425EC1EF82FAB0097F495 /* Frameworks */ = {
			isa = PBXFrameworksBuildPhase;
			buildActionMask = 2147483647;
			files = (
				34BED35301B9B4D86B7BEB5F /* Pods_LeanTest.framework in Frameworks */,
			);
			runOnlyForDeploymentPostprocessing = 0;
		};
		B90426001EF82FAB0097F495 /* Frameworks */ = {
			isa = PBXFrameworksBuildPhase;
			buildActionMask = 2147483647;
			files = (
			);
			runOnlyForDeploymentPostprocessing = 0;
		};
		B904260B1EF82FAB0097F495 /* Frameworks */ = {
			isa = PBXFrameworksBuildPhase;
			buildActionMask = 2147483647;
			files = (
			);
			runOnlyForDeploymentPostprocessing = 0;
		};
/* End PBXFrameworksBuildPhase section */

/* Begin PBXGroup section */
		6C59385F44784FC684446BC5 /* Pods */ = {
			isa = PBXGroup;
			children = (
				BBCC6F200798C34AE3461EA9 /* Pods-LeanTest.debug.xcconfig */,
				833399F5A3C0815CAC36E09C /* Pods-LeanTest.release.xcconfig */,
			);
			name = Pods;
			sourceTree = "<group>";
		};
		ADC6F61C8B0EC722741AE452 /* Frameworks */ = {
			isa = PBXGroup;
			children = (
				8DB1679A909471404D4E6243 /* Pods_LeanTest.framework */,
			);
			name = Frameworks;
			sourceTree = "<group>";
		};
		B90425E61EF82FAB0097F495 = {
			isa = PBXGroup;
			children = (
				B90425F11EF82FAB0097F495 /* LeanTest */,
				B90426061EF82FAB0097F495 /* LeanTestTests */,
				B90426111EF82FAB0097F495 /* LeanTestUITests */,
				B90425F01EF82FAB0097F495 /* Products */,
				6C59385F44784FC684446BC5 /* Pods */,
				ADC6F61C8B0EC722741AE452 /* Frameworks */,
			);
			sourceTree = "<group>";
		};
		B90425F01EF82FAB0097F495 /* Products */ = {
			isa = PBXGroup;
			children = (
				B90425EF1EF82FAB0097F495 /* LeanTest.app */,
				B90426031EF82FAB0097F495 /* LeanTestTests.xctest */,
				B904260E1EF82FAB0097F495 /* LeanTestUITests.xctest */,
			);
			name = Products;
			sourceTree = "<group>";
		};
		B90425F11EF82FAB0097F495 /* LeanTest */ = {
			isa = PBXGroup;
			children = (
				B9B70D481F0A9976006BC801 /* user.jpeg */,
				B9DD83721F095FCC00FDC93A /* Pacifico.ttf */,
				B91864101F00165400A5F008 /* miku2.jpg */,
				B90425F21EF82FAB0097F495 /* AppDelegate.swift */,
				B90425F91EF82FAB0097F495 /* Assets.xcassets */,
				B9B70D461F0A8212006BC801 /* bg_login.png */,
				B90425FE1EF82FAB0097F495 /* Info.plist */,
				B97AAB4D1EF97E9A00863643 /* LeanTest-Bridging-Header.h */,
				B9B8BA1B1F02B4B000531332 /* LaunchScreen.storyboard */,
				B9B8BA1C1F02B4B000531332 /* Main.storyboard */,
				B9309E9F1EFC001F00AE6E05 /* SignInVC.swift */,
				B9309EA11EFC005D00AE6E05 /* SignUpVC.swift */,
				B9309EA31EFC008B00AE6E05 /* ResetPasswordVC.swift */,
				B9B70D4A1F0A9AFA006BC801 /* HomeVC.swift */,
				B9B70D4C1F0A9B43006BC801 /* HeaderView.swift */,
				B9B70D4E1F0A9E41006BC801 /* PictureCell.swift */,
				B9F0ED431F125593007FB79A /* FollowersVC.swift */,
				B9F0ED451F1255F8007FB79A /* FollowersCell.swift */,
				B9F0ED471F165D46007FB79A /* GuestVC.swift */,
				B9AB34B11F45DA75000C1B54 /* EditVC.swift */,
			);
			path = LeanTest;
			sourceTree = "<group>";
		};
		B90426061EF82FAB0097F495 /* LeanTestTests */ = {
			isa = PBXGroup;
			children = (
				B90426071EF82FAB0097F495 /* LeanTestTests.swift */,
				B90426091EF82FAB0097F495 /* Info.plist */,
			);
			path = LeanTestTests;
			sourceTree = "<group>";
		};
		B90426111EF82FAB0097F495 /* LeanTestUITests */ = {
			isa = PBXGroup;
			children = (
				B90426121EF82FAB0097F495 /* LeanTestUITests.swift */,
				B90426141EF82FAB0097F495 /* Info.plist */,
			);
			path = LeanTestUITests;
			sourceTree = "<group>";
		};
/* End PBXGroup section */

/* Begin PBXNativeTarget section */
		B90425EE1EF82FAB0097F495 /* LeanTest */ = {
			isa = PBXNativeTarget;
			buildConfigurationList = B90426171EF82FAB0097F495 /* Build configuration list for PBXNativeTarget "LeanTest" */;
			buildPhases = (
				F2B56BEA0CFC1BBEE3636FF6 /* [CP] Check Pods Manifest.lock */,
				B90425EB1EF82FAB0097F495 /* Sources */,
				B90425EC1EF82FAB0097F495 /* Frameworks */,
				B90425ED1EF82FAB0097F495 /* Resources */,
				60F5CE99EE8709A534A44535 /* [CP] Embed Pods Frameworks */,
				B71729868C6B949F56045BAE /* [CP] Copy Pods Resources */,
			);
			buildRules = (
			);
			dependencies = (
			);
			name = LeanTest;
			productName = LeanTest;
			productReference = B90425EF1EF82FAB0097F495 /* LeanTest.app */;
			productType = "com.apple.product-type.application";
		};
		B90426021EF82FAB0097F495 /* LeanTestTests */ = {
			isa = PBXNativeTarget;
			buildConfigurationList = B904261A1EF82FAB0097F495 /* Build configuration list for PBXNativeTarget "LeanTestTests" */;
			buildPhases = (
				B90425FF1EF82FAB0097F495 /* Sources */,
				B90426001EF82FAB0097F495 /* Frameworks */,
				B90426011EF82FAB0097F495 /* Resources */,
			);
			buildRules = (
			);
			dependencies = (
				B90426051EF82FAB0097F495 /* PBXTargetDependency */,
			);
			name = LeanTestTests;
			productName = LeanTestTests;
			productReference = B90426031EF82FAB0097F495 /* LeanTestTests.xctest */;
			productType = "com.apple.product-type.bundle.unit-test";
		};
		B904260D1EF82FAB0097F495 /* LeanTestUITests */ = {
			isa = PBXNativeTarget;
			buildConfigurationList = B904261D1EF82FAB0097F495 /* Build configuration list for PBXNativeTarget "LeanTestUITests" */;
			buildPhases = (
				B904260A1EF82FAB0097F495 /* Sources */,
				B904260B1EF82FAB0097F495 /* Frameworks */,
				B904260C1EF82FAB0097F495 /* Resources */,
			);
			buildRules = (
			);
			dependencies = (
				B90426101EF82FAB0097F495 /* PBXTargetDependency */,
			);
			name = LeanTestUITests;
			productName = LeanTestUITests;
			productReference = B904260E1EF82FAB0097F495 /* LeanTestUITests.xctest */;
			productType = "com.apple.product-type.bundle.ui-testing";
		};
/* End PBXNativeTarget section */

/* Begin PBXProject section */
		B90425E71EF82FAB0097F495 /* Project object */ = {
			isa = PBXProject;
			attributes = {
				LastSwiftUpdateCheck = 0830;
				LastUpgradeCheck = 0830;
				ORGANIZATIONNAME = AreX;
				TargetAttributes = {
					B90425EE1EF82FAB0097F495 = {
						CreatedOnToolsVersion = 8.3.3;
						DevelopmentTeam = GWHBTBQ4T8;
						LastSwiftMigration = 0830;
						ProvisioningStyle = Automatic;
					};
					B90426021EF82FAB0097F495 = {
						CreatedOnToolsVersion = 8.3.3;
						ProvisioningStyle = Automatic;
						TestTargetID = B90425EE1EF82FAB0097F495;
					};
					B904260D1EF82FAB0097F495 = {
						CreatedOnToolsVersion = 8.3.3;
						ProvisioningStyle = Automatic;
						TestTargetID = B90425EE1EF82FAB0097F495;
					};
				};
			};
			buildConfigurationList = B90425EA1EF82FAB0097F495 /* Build configuration list for PBXProject "LeanTest" */;
			compatibilityVersion = "Xcode 3.2";
			developmentRegion = English;
			hasScannedForEncodings = 0;
			knownRegions = (
				en,
				Base,
			);
			mainGroup = B90425E61EF82FAB0097F495;
			productRefGroup = B90425F01EF82FAB0097F495 /* Products */;
			projectDirPath = "";
			projectRoot = "";
			targets = (
				B90425EE1EF82FAB0097F495 /* LeanTest */,
				B90426021EF82FAB0097F495 /* LeanTestTests */,
				B904260D1EF82FAB0097F495 /* LeanTestUITests */,
			);
		};
/* End PBXProject section */

/* Begin PBXResourcesBuildPhase section */
		B90425ED1EF82FAB0097F495 /* Resources */ = {
			isa = PBXResourcesBuildPhase;
			buildActionMask = 2147483647;
			files = (
				B9B8BA1D1F02B70B00531332 /* Main.storyboard in Resources */,
				B9DD83731F095FCD00FDC93A /* Pacifico.ttf in Resources */,
				B9B70D491F0A9976006BC801 /* user.jpeg in Resources */,
				B9B8BA1E1F02B70E00531332 /* LaunchScreen.storyboard in Resources */,
				B91864111F00165400A5F008 /* miku2.jpg in Resources */,
				B9B70D471F0A8212006BC801 /* bg_login.png in Resources */,
				B90425FA1EF82FAB0097F495 /* Assets.xcassets in Resources */,
			);
			runOnlyForDeploymentPostprocessing = 0;
		};
		B90426011EF82FAB0097F495 /* Resources */ = {
			isa = PBXResourcesBuildPhase;
			buildActionMask = 2147483647;
			files = (
			);
			runOnlyForDeploymentPostprocessing = 0;
		};
		B904260C1EF82FAB0097F495 /* Resources */ = {
			isa = PBXResourcesBuildPhase;
			buildActionMask = 2147483647;
			files = (
			);
			runOnlyForDeploymentPostprocessing = 0;
		};
/* End PBXResourcesBuildPhase section */

/* Begin PBXShellScriptBuildPhase section */
		60F5CE99EE8709A534A44535 /* [CP] Embed Pods Frameworks */ = {
			isa = PBXShellScriptBuildPhase;
			buildActionMask = 2147483647;
			files = (
			);
			inputPaths = (
			);
			name = "[CP] Embed Pods Frameworks";
			outputPaths = (
			);
			runOnlyForDeploymentPostprocessing = 0;
			shellPath = /bin/sh;
			shellScript = "\"${SRCROOT}/Pods/Target Support Files/Pods-LeanTest/Pods-LeanTest-frameworks.sh\"\n";
			showEnvVarsInLog = 0;
		};
		B71729868C6B949F56045BAE /* [CP] Copy Pods Resources */ = {
			isa = PBXShellScriptBuildPhase;
			buildActionMask = 2147483647;
			files = (
			);
			inputPaths = (
			);
			name = "[CP] Copy Pods Resources";
			outputPaths = (
			);
			runOnlyForDeploymentPostprocessing = 0;
			shellPath = /bin/sh;
			shellScript = "\"${SRCROOT}/Pods/Target Support Files/Pods-LeanTest/Pods-LeanTest-resources.sh\"\n";
			showEnvVarsInLog = 0;
		};
		F2B56BEA0CFC1BBEE3636FF6 /* [CP] Check Pods Manifest.lock */ = {
			isa = PBXShellScriptBuildPhase;
			buildActionMask = 2147483647;
			files = (
			);
			inputPaths = (
			);
			name = "[CP] Check Pods Manifest.lock";
			outputPaths = (
			);
			runOnlyForDeploymentPostprocessing = 0;
			shellPath = /bin/sh;
			shellScript = "diff \"${PODS_PODFILE_DIR_PATH}/Podfile.lock\" \"${PODS_ROOT}/Manifest.lock\" > /dev/null\nif [ $? != 0 ] ; then\n    # print error to STDERR\n    echo \"error: The sandbox is not in sync with the Podfile.lock. Run 'pod install' or update your CocoaPods installation.\" >&2\n    exit 1\nfi\n";
			showEnvVarsInLog = 0;
		};
/* End PBXShellScriptBuildPhase section */

/* Begin PBXSourcesBuildPhase section */
		B90425EB1EF82FAB0097F495 /* Sources */ = {
			isa = PBXSourcesBuildPhase;
			buildActionMask = 2147483647;
			files = (
				B9AB34B21F45DA75000C1B54 /* EditVC.swift in Sources */,
				B9309EA01EFC001F00AE6E05 /* SignInVC.swift in Sources */,
				B9B70D4D1F0A9B43006BC801 /* HeaderView.swift in Sources */,
				B9F0ED441F125593007FB79A /* FollowersVC.swift in Sources */,
				B9B70D4B1F0A9AFA006BC801 /* HomeVC.swift in Sources */,
				B9309EA21EFC005D00AE6E05 /* SignUpVC.swift in Sources */,
				B90425F31EF82FAB0097F495 /* AppDelegate.swift in Sources */,
				B9F0ED461F1255F8007FB79A /* FollowersCell.swift in Sources */,
				B9B70D4F1F0A9E41006BC801 /* PictureCell.swift in Sources */,
				B9309EA41EFC008B00AE6E05 /* ResetPasswordVC.swift in Sources */,
				B9F0ED481F165D46007FB79A /* GuestVC.swift in Sources */,
			);
			runOnlyForDeploymentPostprocessing = 0;
		};
		B90425FF1EF82FAB0097F495 /* Sources */ = {
			isa = PBXSourcesBuildPhase;
			buildActionMask = 2147483647;
			files = (
				B90426081EF82FAB0097F495 /* LeanTestTests.swift in Sources */,
			);
			runOnlyForDeploymentPostprocessing = 0;
		};
		B904260A1EF82FAB0097F495 /* Sources */ = {
			isa = PBXSourcesBuildPhase;
			buildActionMask = 2147483647;
			files = (
				B90426131EF82FAB0097F495 /* LeanTestUITests.swift in Sources */,
			);
			runOnlyForDeploymentPostprocessing = 0;
		};
/* End PBXSourcesBuildPhase section */

/* Begin PBXTargetDependency section */
		B90426051EF82FAB0097F495 /* PBXTargetDependency */ = {
			isa = PBXTargetDependency;
			target = B90425EE1EF82FAB0097F495 /* LeanTest */;
			targetProxy = B90426041EF82FAB0097F495 /* PBXContainerItemProxy */;
		};
		B90426101EF82FAB0097F495 /* PBXTargetDependency */ = {
			isa = PBXTargetDependency;
			target = B90425EE1EF82FAB0097F495 /* LeanTest */;
			targetProxy = B904260F1EF82FAB0097F495 /* PBXContainerItemProxy */;
		};
/* End PBXTargetDependency section */

/* Begin XCBuildConfiguration section */
		B90426151EF82FAB0097F495 /* Debug */ = {
			isa = XCBuildConfiguration;
			buildSettings = {
				ALWAYS_SEARCH_USER_PATHS = NO;
				CLANG_ANALYZER_NONNULL = YES;
				CLANG_ANALYZER_NUMBER_OBJECT_CONVERSION = YES_AGGRESSIVE;
				CLANG_CXX_LANGUAGE_STANDARD = "gnu++0x";
				CLANG_CXX_LIBRARY = "libc++";
				CLANG_ENABLE_MODULES = YES;
				CLANG_ENABLE_OBJC_ARC = YES;
				CLANG_WARN_BOOL_CONVERSION = YES;
				CLANG_WARN_CONSTANT_CONVERSION = YES;
				CLANG_WARN_DIRECT_OBJC_ISA_USAGE = YES_ERROR;
				CLANG_WARN_DOCUMENTATION_COMMENTS = YES;
				CLANG_WARN_EMPTY_BODY = YES;
				CLANG_WARN_ENUM_CONVERSION = YES;
				CLANG_WARN_INFINITE_RECURSION = YES;
				CLANG_WARN_INT_CONVERSION = YES;
				CLANG_WARN_OBJC_ROOT_CLASS = YES_ERROR;
				CLANG_WARN_SUSPICIOUS_MOVE = YES;
				CLANG_WARN_UNREACHABLE_CODE = YES;
				CLANG_WARN__DUPLICATE_METHOD_MATCH = YES;
				"CODE_SIGN_IDENTITY[sdk=iphoneos*]" = "iPhone Developer";
				COPY_PHASE_STRIP = NO;
				DEBUG_INFORMATION_FORMAT = dwarf;
				ENABLE_STRICT_OBJC_MSGSEND = YES;
				ENABLE_TESTABILITY = YES;
				GCC_C_LANGUAGE_STANDARD = gnu99;
				GCC_DYNAMIC_NO_PIC = NO;
				GCC_NO_COMMON_BLOCKS = YES;
				GCC_OPTIMIZATION_LEVEL = 0;
				GCC_PREPROCESSOR_DEFINITIONS = (
					"DEBUG=1",
					"$(inherited)",
				);
				GCC_WARN_64_TO_32_BIT_CONVERSION = YES;
				GCC_WARN_ABOUT_RETURN_TYPE = YES_ERROR;
				GCC_WARN_UNDECLARED_SELECTOR = YES;
				GCC_WARN_UNINITIALIZED_AUTOS = YES_AGGRESSIVE;
				GCC_WARN_UNUSED_FUNCTION = YES;
				GCC_WARN_UNUSED_VARIABLE = YES;
				IPHONEOS_DEPLOYMENT_TARGET = 10.3;
				MTL_ENABLE_DEBUG_INFO = YES;
				ONLY_ACTIVE_ARCH = YES;
				SDKROOT = iphoneos;
				SWIFT_ACTIVE_COMPILATION_CONDITIONS = DEBUG;
				SWIFT_OPTIMIZATION_LEVEL = "-Onone";
				TARGETED_DEVICE_FAMILY = "1,2";
			};
			name = Debug;
		};
		B90426161EF82FAB0097F495 /* Release */ = {
			isa = XCBuildConfiguration;
			buildSettings = {
				ALWAYS_SEARCH_USER_PATHS = NO;
				CLANG_ANALYZER_NONNULL = YES;
				CLANG_ANALYZER_NUMBER_OBJECT_CONVERSION = YES_AGGRESSIVE;
				CLANG_CXX_LANGUAGE_STANDARD = "gnu++0x";
				CLANG_CXX_LIBRARY = "libc++";
				CLANG_ENABLE_MODULES = YES;
				CLANG_ENABLE_OBJC_ARC = YES;
				CLANG_WARN_BOOL_CONVERSION = YES;
				CLANG_WARN_CONSTANT_CONVERSION = YES;
				CLANG_WARN_DIRECT_OBJC_ISA_USAGE = YES_ERROR;
				CLANG_WARN_DOCUMENTATION_COMMENTS = YES;
				CLANG_WARN_EMPTY_BODY = YES;
				CLANG_WARN_ENUM_CONVERSION = YES;
				CLANG_WARN_INFINITE_RECURSION = YES;
				CLANG_WARN_INT_CONVERSION = YES;
				CLANG_WARN_OBJC_ROOT_CLASS = YES_ERROR;
				CLANG_WARN_SUSPICIOUS_MOVE = YES;
				CLANG_WARN_UNREACHABLE_CODE = YES;
				CLANG_WARN__DUPLICATE_METHOD_MATCH = YES;
				"CODE_SIGN_IDENTITY[sdk=iphoneos*]" = "iPhone Developer";
				COPY_PHASE_STRIP = NO;
				DEBUG_INFORMATION_FORMAT = "dwarf-with-dsym";
				ENABLE_NS_ASSERTIONS = NO;
				ENABLE_STRICT_OBJC_MSGSEND = YES;
				GCC_C_LANGUAGE_STANDARD = gnu99;
				GCC_NO_COMMON_BLOCKS = YES;
				GCC_WARN_64_TO_32_BIT_CONVERSION = YES;
				GCC_WARN_ABOUT_RETURN_TYPE = YES_ERROR;
				GCC_WARN_UNDECLARED_SELECTOR = YES;
				GCC_WARN_UNINITIALIZED_AUTOS = YES_AGGRESSIVE;
				GCC_WARN_UNUSED_FUNCTION = YES;
				GCC_WARN_UNUSED_VARIABLE = YES;
				IPHONEOS_DEPLOYMENT_TARGET = 10.3;
				MTL_ENABLE_DEBUG_INFO = NO;
				SDKROOT = iphoneos;
				SWIFT_OPTIMIZATION_LEVEL = "-Owholemodule";
				TARGETED_DEVICE_FAMILY = "1,2";
				VALIDATE_PRODUCT = YES;
			};
			name = Release;
		};
		B90426181EF82FAB0097F495 /* Debug */ = {
			isa = XCBuildConfiguration;
			baseConfigurationReference = BBCC6F200798C34AE3461EA9 /* Pods-LeanTest.debug.xcconfig */;
			buildSettings = {
				ASSETCATALOG_COMPILER_APPICON_NAME = AppIcon;
				CLANG_ENABLE_MODULES = YES;
				DEVELOPMENT_TEAM = GWHBTBQ4T8;
				INFOPLIST_FILE = LeanTest/Info.plist;
				IPHONEOS_DEPLOYMENT_TARGET = 10.0;
				LD_RUNPATH_SEARCH_PATHS = "$(inherited) @executable_path/Frameworks";
				PRODUCT_BUNDLE_IDENTIFIER = com.arex.LeanTest;
				PRODUCT_NAME = "$(TARGET_NAME)";
				SWIFT_OBJC_BRIDGING_HEADER = "LeanTest/LeanTest-Bridging-Header.h";
				SWIFT_OPTIMIZATION_LEVEL = "-Onone";
				SWIFT_VERSION = 3.0;
				TARGETED_DEVICE_FAMILY = "1,2";
			};
			name = Debug;
		};
		B90426191EF82FAB0097F495 /* Release */ = {
			isa = XCBuildConfiguration;
			baseConfigurationReference = 833399F5A3C0815CAC36E09C /* Pods-LeanTest.release.xcconfig */;
			buildSettings = {
				ASSETCATALOG_COMPILER_APPICON_NAME = AppIcon;
				CLANG_ENABLE_MODULES = YES;
				DEVELOPMENT_TEAM = GWHBTBQ4T8;
				INFOPLIST_FILE = LeanTest/Info.plist;
				IPHONEOS_DEPLOYMENT_TARGET = 10.0;
				LD_RUNPATH_SEARCH_PATHS = "$(inherited) @executable_path/Frameworks";
				PRODUCT_BUNDLE_IDENTIFIER = com.arex.LeanTest;
				PRODUCT_NAME = "$(TARGET_NAME)";
				SWIFT_OBJC_BRIDGING_HEADER = "LeanTest/LeanTest-Bridging-Header.h";
				SWIFT_VERSION = 3.0;
				TARGETED_DEVICE_FAMILY = "1,2";
			};
			name = Release;
		};
		B904261B1EF82FAB0097F495 /* Debug */ = {
			isa = XCBuildConfiguration;
			buildSettings = {
				ALWAYS_EMBED_SWIFT_STANDARD_LIBRARIES = YES;
				BUNDLE_LOADER = "$(TEST_HOST)";
				INFOPLIST_FILE = LeanTestTests/Info.plist;
				LD_RUNPATH_SEARCH_PATHS = "$(inherited) @executable_path/Frameworks @loader_path/Frameworks";
				PRODUCT_BUNDLE_IDENTIFIER = com.arex.LeanTestTests;
				PRODUCT_NAME = "$(TARGET_NAME)";
				SWIFT_VERSION = 3.0;
				TEST_HOST = "$(BUILT_PRODUCTS_DIR)/LeanTest.app/LeanTest";
			};
			name = Debug;
		};
		B904261C1EF82FAB0097F495 /* Release */ = {
			isa = XCBuildConfiguration;
			buildSettings = {
				ALWAYS_EMBED_SWIFT_STANDARD_LIBRARIES = YES;
				BUNDLE_LOADER = "$(TEST_HOST)";
				INFOPLIST_FILE = LeanTestTests/Info.plist;
				LD_RUNPATH_SEARCH_PATHS = "$(inherited) @executable_path/Frameworks @loader_path/Frameworks";
				PRODUCT_BUNDLE_IDENTIFIER = com.arex.LeanTestTests;
				PRODUCT_NAME = "$(TARGET_NAME)";
				SWIFT_VERSION = 3.0;
				TEST_HOST = "$(BUILT_PRODUCTS_DIR)/LeanTest.app/LeanTest";
			};
			name = Release;
		};
		B904261E1EF82FAB0097F495 /* Debug */ = {
			isa = XCBuildConfiguration;
			buildSettings = {
				ALWAYS_EMBED_SWIFT_STANDARD_LIBRARIES = YES;
				INFOPLIST_FILE = LeanTestUITests/Info.plist;
				LD_RUNPATH_SEARCH_PATHS = "$(inherited) @executable_path/Frameworks @loader_path/Frameworks";
				PRODUCT_BUNDLE_IDENTIFIER = com.arex.LeanTestUITests;
				PRODUCT_NAME = "$(TARGET_NAME)";
				SWIFT_VERSION = 3.0;
				TEST_TARGET_NAME = LeanTest;
			};
			name = Debug;
		};
		B904261F1EF82FAB0097F495 /* Release */ = {
			isa = XCBuildConfiguration;
			buildSettings = {
				ALWAYS_EMBED_SWIFT_STANDARD_LIBRARIES = YES;
				INFOPLIST_FILE = LeanTestUITests/Info.plist;
				LD_RUNPATH_SEARCH_PATHS = "$(inherited) @executable_path/Frameworks @loader_path/Frameworks";
				PRODUCT_BUNDLE_IDENTIFIER = com.arex.LeanTestUITests;
				PRODUCT_NAME = "$(TARGET_NAME)";
				SWIFT_VERSION = 3.0;
				TEST_TARGET_NAME = LeanTest;
			};
			name = Release;
		};
/* End XCBuildConfiguration section */

/* Begin XCConfigurationList section */
		B90425EA1EF82FAB0097F495 /* Build configuration list for PBXProject "LeanTest" */ = {
			isa = XCConfigurationList;
			buildConfigurations = (
				B90426151EF82FAB0097F495 /* Debug */,
				B90426161EF82FAB0097F495 /* Release */,
			);
			defaultConfigurationIsVisible = 0;
			defaultConfigurationName = Release;
		};
		B90426171EF82FAB0097F495 /* Build configuration list for PBXNativeTarget "LeanTest" */ = {
			isa = XCConfigurationList;
			buildConfigurations = (
				B90426181EF82FAB0097F495 /* Debug */,
				B90426191EF82FAB0097F495 /* Release */,
			);
			defaultConfigurationIsVisible = 0;
			defaultConfigurationName = Release;
		};
		B904261A1EF82FAB0097F495 /* Build configuration list for PBXNativeTarget "LeanTestTests" */ = {
			isa = XCConfigurationList;
			buildConfigurations = (
				B904261B1EF82FAB0097F495 /* Debug */,
				B904261C1EF82FAB0097F495 /* Release */,
			);
			defaultConfigurationIsVisible = 0;
			defaultConfigurationName = Release;
		};
		B904261D1EF82FAB0097F495 /* Build configuration list for PBXNativeTarget "LeanTestUITests" */ = {
			isa = XCConfigurationList;
			buildConfigurations = (
				B904261E1EF82FAB0097F495 /* Debug */,
				B904261F1EF82FAB0097F495 /* Release */,
			);
			defaultConfigurationIsVisible = 0;
			defaultConfigurationName = Release;
		};
/* End XCConfigurationList section */
	};
	rootObject = B90425E71EF82FAB0097F495 /* Project object */;
}
